
Microsoft Visual Studio Solution File, Format Version 12.00
# Visual Studio Version 17
VisualStudioVersion = 17.6.33712.159
MinimumVisualStudioVersion = 10.0.40219.1
Project("{8BC9CEB8-8B4A-11D0-8D11-00A0C91BC942}") = "task1", "task1\task1.vcxproj", "{A10ED320-83EE-4219-B9E4-BA48BD86DCBA}"
EndProject
Global
	GlobalSection(SolutionConfigurationPlatforms) = preSolution
		Debug|x64 = Debug|x64
		Debug|x86 = Debug|x86
		Release|x64 = Release|x64
		Release|x86 = Release|x86
	EndGlobalSection
	GlobalSection(ProjectConfigurationPlatforms) = postSolution
		{A10ED320-83EE-4219-B9E4-BA48BD86DCBA}.Debug|x64.ActiveCfg = Debug|x64
		{A10ED320-83EE-4219-B9E4-BA48BD86DCBA}.Debug|x64.Build.0 = Debug|x64
		{A10ED320-83EE-4219-B9E4-BA48BD86DCBA}.Debug|x86.ActiveCfg = Debug|Win32
		{A10ED320-83EE-4219-B9E4-BA48BD86DCBA}.Debug|x86.Build.0 = Debug|Win32
		{A10ED320-83EE-4219-B9E4-BA48BD86DCBA}.Release|x64.ActiveCfg = Release|x64
		{A10ED320-83EE-4219-B9E4-BA48BD86DCBA}.Release|x64.Build.0 = Release|x64
		{A10ED320-83EE-4219-B9E4-BA48BD86DCBA}.Release|x86.ActiveCfg = Release|Win32
		{A10ED320-83EE-4219-B9E4-BA48BD86DCBA}.Release|x86.Build.0 = Release|Win32
	EndGlobalSection
	GlobalSection(SolutionProperties) = preSolution
		HideSolutionNode = FALSE
	EndGlobalSection
	GlobalSection(ExtensibilityGlobals) = postSolution
		SolutionGuid = {AA61DB36-0395-443C-80EB-76240CD305A7}
	EndGlobalSection
EndGlobal
